
Microsoft Visual Studio Solution File, Format Version 12.00
# Visual Studio Version 17
VisualStudioVersion = 17.2.32630.192
MinimumVisualStudioVersion = 10.0.40219.1
Project("{9A19103F-16F7-4668-BE54-9A1E7A4F7556}") = "R5T.S0068", "R5T.S0068\R5T.S0068.csproj", "{C6E47384-2386-4DEE-B63F-CA4D54A74618}"
EndProject
Project("{2150E333-8FDC-42A3-9474-1A3956D46DE8}") = "_Dependencies", "_Dependencies", "{BC22FF25-209C-43D2-AED9-329327843216}"
EndProject
Project("{9A19103F-16F7-4668-BE54-9A1E7A4F7556}") = "R5T.F0000", "..\..\R5T.F0000\source\R5T.F0000\R5T.F0000.csproj", "{75E28BF6-39B2-4F83-9AF8-4B1B7C476162}"
EndProject
Project("{9A19103F-16F7-4668-BE54-9A1E7A4F7556}") = "R5T.F0002", "..\..\R5T.F0002\source\R5T.F0002\R5T.F0002.csproj", "{3884B515-21D6-4F1D-95AA-962BAB51FFC1}"
EndProject
Project("{9A19103F-16F7-4668-BE54-9A1E7A4F7556}") = "R5T.F0120", "..\..\R5T.F0120\source\R5T.F0120\R5T.F0120.csproj", "{B82BCC5F-1BCE-4852-A84B-9C6B92DA0A0A}"
EndProject
Project("{9A19103F-16F7-4668-BE54-9A1E7A4F7556}") = "R5T.F0124", "..\..\R5T.F0124\source\R5T.F0124\R5T.F0124.csproj", "{66A0FEEF-4114-4909-8E11-EC4F4CD36E9D}"
EndProject
Project("{9A19103F-16F7-4668-BE54-9A1E7A4F7556}") = "R5T.F0125", "..\..\R5T.F0125\source\R5T.F0125\R5T.F0125.csproj", "{9DB23109-C985-461C-AB70-3C8897A45A6A}"
EndProject
Project("{9A19103F-16F7-4668-BE54-9A1E7A4F7556}") = "R5T.L0030.T000", "..\..\R5T.L0030\source\R5T.L0030.T000\R5T.L0030.T000.csproj", "{7B285779-C5D6-4871-8323-D8FDBE149BF3}"
EndProject
Project("{9A19103F-16F7-4668-BE54-9A1E7A4F7556}") = "R5T.L0030", "..\..\R5T.L0030\source\R5T.L0030\R5T.L0030.csproj", "{CA3155D6-517F-46FE-B8F4-732C41DF9B6F}"
EndProject
Project("{9A19103F-16F7-4668-BE54-9A1E7A4F7556}") = "R5T.L0034", "..\..\R5T.L0034\source\R5T.L0034\R5T.L0034.csproj", "{C966E405-166E-4D5C-A84D-D78B3817781E}"
EndProject
Project("{9A19103F-16F7-4668-BE54-9A1E7A4F7556}") = "R5T.L0035", "..\..\R5T.L0035\source\R5T.L0035\R5T.L0035.csproj", "{15BB3303-A422-406B-8DBD-A2B205CBB938}"
EndProject
Project("{9A19103F-16F7-4668-BE54-9A1E7A4F7556}") = "R5T.T0131", "..\..\R5T.T0131\source\R5T.T0131\R5T.T0131.csproj", "{B8EFDB2E-0886-4E19-872E-40D998F1C9FE}"
EndProject
Project("{9A19103F-16F7-4668-BE54-9A1E7A4F7556}") = "R5T.T0132", "..\..\R5T.T0132\source\R5T.T0132\R5T.T0132.csproj", "{A87EB391-3A79-44AC-966A-F3546680ADF5}"
EndProject
Project("{9A19103F-16F7-4668-BE54-9A1E7A4F7556}") = "R5T.T0142", "..\..\R5T.T0142\source\R5T.T0142\R5T.T0142.csproj", "{B313FF88-20BC-48AB-BD85-CE7CF95B6C8A}"
EndProject
Project("{9A19103F-16F7-4668-BE54-9A1E7A4F7556}") = "R5T.T0143", "..\..\R5T.T0143\source\R5T.T0143\R5T.T0143.csproj", "{E54DC856-C89E-4EBD-B291-CD75E36E7342}"
EndProject
Project("{9A19103F-16F7-4668-BE54-9A1E7A4F7556}") = "R5T.T0150", "..\..\R5T.T0150\source\R5T.T0150\R5T.T0150.csproj", "{CE9DA94C-5D4D-4F05-8498-0BFD2C8468C7}"
EndProject
Project("{9A19103F-16F7-4668-BE54-9A1E7A4F7556}") = "R5T.T0151", "..\..\R5T.T0151\source\R5T.T0151\R5T.T0151.csproj", "{5549497B-5838-4B52-BA13-208212E73C37}"
EndProject
Project("{9A19103F-16F7-4668-BE54-9A1E7A4F7556}") = "R5T.T0156", "..\..\R5T.T0156\source\R5T.T0156\R5T.T0156.csproj", "{4B1B2177-4342-47CC-B1D4-B01E81C9521A}"
EndProject
Project("{9A19103F-16F7-4668-BE54-9A1E7A4F7556}") = "R5T.T0172", "..\..\R5T.T0172\source\R5T.T0172\R5T.T0172.csproj", "{8373E0E0-5F72-4139-A1E0-3D0927AA9959}"
EndProject
Project("{9A19103F-16F7-4668-BE54-9A1E7A4F7556}") = "R5T.T0174", "..\..\R5T.T0174\source\R5T.T0174\R5T.T0174.csproj", "{A4D874B4-2969-4303-8625-85C34138C64C}"
EndProject
Project("{9A19103F-16F7-4668-BE54-9A1E7A4F7556}") = "R5T.T0176", "..\..\R5T.T0176\source\R5T.T0176\R5T.T0176.csproj", "{92C0FC29-7D7E-49ED-9CF3-B9D88207AA65}"
EndProject
Project("{9A19103F-16F7-4668-BE54-9A1E7A4F7556}") = "R5T.T0177", "..\..\R5T.T0177\source\R5T.T0177\R5T.T0177.csproj", "{D5551A40-5FE6-403D-9730-C23587A894C5}"
EndProject
Project("{9A19103F-16F7-4668-BE54-9A1E7A4F7556}") = "R5T.T0178", "..\..\R5T.T0178\source\R5T.T0178\R5T.T0178.csproj", "{17AC9744-8A61-4369-A1FE-39B256F11672}"
EndProject
Project("{9A19103F-16F7-4668-BE54-9A1E7A4F7556}") = "R5T.T0179", "..\..\R5T.T0179\source\R5T.T0179\R5T.T0179.csproj", "{D259007F-4F65-44D1-8D7B-BA7F34F5B3A8}"
EndProject
Project("{9A19103F-16F7-4668-BE54-9A1E7A4F7556}") = "R5T.T0180", "..\..\R5T.T0180\source\R5T.T0180\R5T.T0180.csproj", "{79892CD9-21D3-45E6-9E81-9A0173F2C64C}"
EndProject
Project("{9A19103F-16F7-4668-BE54-9A1E7A4F7556}") = "R5T.T0181", "..\..\R5T.T0181\source\R5T.T0181\R5T.T0181.csproj", "{E1495BB5-5C0D-4D4E-9503-9EA0F60254C7}"
EndProject
Project("{9A19103F-16F7-4668-BE54-9A1E7A4F7556}") = "R5T.T0185", "..\..\R5T.T0185\source\R5T.T0185\R5T.T0185.csproj", "{D7A45ACC-FED2-4E3B-B426-A2C432BBC0D9}"
EndProject
Project("{9A19103F-16F7-4668-BE54-9A1E7A4F7556}") = "R5T.T0197", "..\..\R5T.T0197\source\R5T.T0197\R5T.T0197.csproj", "{1953E93D-6330-4921-8E46-2EBBA9C6FD20}"
EndProject
Project("{9A19103F-16F7-4668-BE54-9A1E7A4F7556}") = "R5T.Y0000", "..\..\R5T.Y0000\source\R5T.Y0000\R5T.Y0000.csproj", "{23B7D8C4-8790-4D05-BBAE-2D2824BB17E9}"
EndProject
Project("{9A19103F-16F7-4668-BE54-9A1E7A4F7556}") = "R5T.Z0000", "..\..\R5T.Z0000\source\R5T.Z0000\R5T.Z0000.csproj", "{ADB922D2-62FE-4F02-A42F-6DBE4BCF4497}"
EndProject
Project("{9A19103F-16F7-4668-BE54-9A1E7A4F7556}") = "R5T.F0133", "..\..\R5T.F0133\source\R5T.F0133\R5T.F0133.csproj", "{68AAF0FD-83B5-417B-8702-4F30D23B42D3}"
EndProject
Project("{9A19103F-16F7-4668-BE54-9A1E7A4F7556}") = "R5T.F0134", "..\..\R5T.F0134\source\R5T.F0134\R5T.F0134.csproj", "{DA27E704-BB69-4576-BF15-639EF006DCA1}"
EndProject
Project("{9A19103F-16F7-4668-BE54-9A1E7A4F7556}") = "R5T.T0187", "..\..\R5T.T0187\source\R5T.T0187\R5T.T0187.csproj", "{F96081F0-BAFE-426F-94D1-C26B92D66709}"
EndProject
Project("{9A19103F-16F7-4668-BE54-9A1E7A4F7556}") = "R5T.T0161", "..\..\R5T.T0161\source\R5T.T0161\R5T.T0161.csproj", "{C6D3279D-A6EE-43D2-AFBB-3DF1CAC12954}"
EndProject
Project("{9A19103F-16F7-4668-BE54-9A1E7A4F7556}") = "R5T.T0196", "..\..\R5T.T0196\source\R5T.T0196\R5T.T0196.csproj", "{FD186CD8-5AB0-4278-9661-EEB148C94B05}"
EndProject
Project("{9A19103F-16F7-4668-BE54-9A1E7A4F7556}") = "R5T.Z0046", "..\..\R5T.Z0046\source\R5T.Z0046\R5T.Z0046.csproj", "{7FB18870-EC07-489C-81EA-DE3A44F00B0A}"
EndProject
Project("{9A19103F-16F7-4668-BE54-9A1E7A4F7556}") = "R5T.F0127", "..\..\R5T.F0127\source\R5T.F0127\R5T.F0127.csproj", "{2E29554F-7531-4215-A6B2-2EB9B014A5B5}"
EndProject
Project("{9A19103F-16F7-4668-BE54-9A1E7A4F7556}") = "R5T.F0128", "..\..\R5T.F0128\source\R5T.F0128\R5T.F0128.csproj", "{7DDF6BF0-1119-4FAD-9D70-2ACF83561B03}"
EndProject
Project("{9A19103F-16F7-4668-BE54-9A1E7A4F7556}") = "R5T.T0184", "..\..\R5T.T0184\source\R5T.T0184\R5T.T0184.csproj", "{615B2834-966A-4BFE-AFDF-A91B5D22966B}"
EndProject
Project("{9A19103F-16F7-4668-BE54-9A1E7A4F7556}") = "R5T.L0032.T000", "..\..\R5T.L0032\source\R5T.L0032.T000\R5T.L0032.T000.csproj", "{EEB27EFF-EE5D-451E-9F42-59FBFAD10522}"
EndProject
Project("{9A19103F-16F7-4668-BE54-9A1E7A4F7556}") = "R5T.L0043.F000", "..\..\R5T.L0043\source\R5T.L0043.F000\R5T.L0043.F000.csproj", "{EAE6972E-01CF-4103-BC74-F6A5383BB8E2}"
EndProject
Project("{9A19103F-16F7-4668-BE54-9A1E7A4F7556}") = "R5T.L0043.O001", "..\..\R5T.L0043\source\R5T.L0043.O001\R5T.L0043.O001.csproj", "{ECEC295D-9E86-41F9-80CD-C86DFBE0C6B6}"
EndProject
Project("{9A19103F-16F7-4668-BE54-9A1E7A4F7556}") = "R5T.L0043.O002", "..\..\R5T.L0043\source\R5T.L0043.O002\R5T.L0043.O002.csproj", "{0447A397-6D10-4950-B969-4A1B14F3730E}"
EndProject
Project("{9A19103F-16F7-4668-BE54-9A1E7A4F7556}") = "R5T.L0043.T000", "..\..\R5T.L0043\source\R5T.L0043.T000\R5T.L0043.T000.csproj", "{53B9B53B-32FA-40F9-891D-E4927CA7D23E}"
EndProject
Project("{9A19103F-16F7-4668-BE54-9A1E7A4F7556}") = "R5T.L0043.Z000", "..\..\R5T.L0043\source\R5T.L0043.Z000\R5T.L0043.Z000.csproj", "{135DCE42-D987-47E0-8F18-138623D33952}"
EndProject
Project("{9A19103F-16F7-4668-BE54-9A1E7A4F7556}") = "R5T.L0043.Z002", "..\..\R5T.L0043\source\R5T.L0043.Z002\R5T.L0043.Z002.csproj", "{4EB4ADE9-E677-4FAF-88DE-61637FFC571E}"
EndProject
Project("{9A19103F-16F7-4668-BE54-9A1E7A4F7556}") = "R5T.L0044.O001", "..\..\R5T.L0044\source\R5T.L0044.O001\R5T.L0044.O001.csproj", "{6DE460B6-01E3-4E95-AC19-E2306D0778C3}"
EndProject
Project("{9A19103F-16F7-4668-BE54-9A1E7A4F7556}") = "R5T.L0044.T000", "..\..\R5T.L0044\source\R5T.L0044.T000\R5T.L0044.T000.csproj", "{A3F379FE-4E26-4843-BEC8-13499AF44EFA}"
EndProject
Project("{9A19103F-16F7-4668-BE54-9A1E7A4F7556}") = "R5T.L0044.X000", "..\..\R5T.L0044\source\R5T.L0044.X000\R5T.L0044.X000.csproj", "{1C72F3FC-C33D-485D-94A0-0AA7D2F7617B}"
EndProject
Project("{9A19103F-16F7-4668-BE54-9A1E7A4F7556}") = "R5T.L0044.Z001", "..\..\R5T.L0044\source\R5T.L0044.Z001\R5T.L0044.Z001.csproj", "{8AF5EDD3-3F0E-4ED7-A3CF-A36279DF68D0}"
EndProject
Project("{9A19103F-16F7-4668-BE54-9A1E7A4F7556}") = "R5T.NG0022", "..\..\R5T.NG0022\source\R5T.NG0022\R5T.NG0022.csproj", "{6FD6AB9B-08E6-4EB8-897D-97B233F53D42}"
EndProject
Project("{9A19103F-16F7-4668-BE54-9A1E7A4F7556}") = "R5T.T0186", "..\..\R5T.T0186\source\R5T.T0186\R5T.T0186.csproj", "{749D1039-C49C-4971-AD14-97BDE9AA7233}"
EndProject
Project("{9A19103F-16F7-4668-BE54-9A1E7A4F7556}") = "R5T.T0198", "..\..\R5T.T0198\source\R5T.T0198\R5T.T0198.csproj", "{7B915B96-A830-4FDA-A9CC-2DF31F827D40}"
EndProject
Project("{9A19103F-16F7-4668-BE54-9A1E7A4F7556}") = "R5T.T0200", "..\..\R5T.T0200\source\R5T.T0200\R5T.T0200.csproj", "{6E73E230-08E1-41C0-843C-51A47A9E1968}"
EndProject
Project("{9A19103F-16F7-4668-BE54-9A1E7A4F7556}") = "R5T.T0203", "..\..\R5T.T0203\source\R5T.T0203\R5T.T0203.csproj", "{8E30F49F-1B48-4271-8B54-3345DEA50088}"
EndProject
Project("{9A19103F-16F7-4668-BE54-9A1E7A4F7556}") = "R5T.Z0047", "..\..\R5T.Z0047\source\R5T.Z0047\R5T.Z0047.csproj", "{03C02650-BEBD-4B1A-9E60-6B4E28F68E8B}"
EndProject
Project("{9A19103F-16F7-4668-BE54-9A1E7A4F7556}") = "R5T.L0044.S000.Library", "..\..\R5T.L0044\source\R5T.L0044.S000.Library\R5T.L0044.S000.Library.csproj", "{94B7044A-6119-4B60-AE80-3071BF59DA3D}"
EndProject
Global
	GlobalSection(NestedProjects) = preSolution
		{75E28BF6-39B2-4F83-9AF8-4B1B7C476162} = {BC22FF25-209C-43D2-AED9-329327843216}
		{3884B515-21D6-4F1D-95AA-962BAB51FFC1} = {BC22FF25-209C-43D2-AED9-329327843216}
		{B82BCC5F-1BCE-4852-A84B-9C6B92DA0A0A} = {BC22FF25-209C-43D2-AED9-329327843216}
		{66A0FEEF-4114-4909-8E11-EC4F4CD36E9D} = {BC22FF25-209C-43D2-AED9-329327843216}
		{9DB23109-C985-461C-AB70-3C8897A45A6A} = {BC22FF25-209C-43D2-AED9-329327843216}
		{7B285779-C5D6-4871-8323-D8FDBE149BF3} = {BC22FF25-209C-43D2-AED9-329327843216}
		{CA3155D6-517F-46FE-B8F4-732C41DF9B6F} = {BC22FF25-209C-43D2-AED9-329327843216}
		{C966E405-166E-4D5C-A84D-D78B3817781E} = {BC22FF25-209C-43D2-AED9-329327843216}
		{15BB3303-A422-406B-8DBD-A2B205CBB938} = {BC22FF25-209C-43D2-AED9-329327843216}
		{B8EFDB2E-0886-4E19-872E-40D998F1C9FE} = {BC22FF25-209C-43D2-AED9-329327843216}
		{A87EB391-3A79-44AC-966A-F3546680ADF5} = {BC22FF25-209C-43D2-AED9-329327843216}
		{B313FF88-20BC-48AB-BD85-CE7CF95B6C8A} = {BC22FF25-209C-43D2-AED9-329327843216}
		{E54DC856-C89E-4EBD-B291-CD75E36E7342} = {BC22FF25-209C-43D2-AED9-329327843216}
		{CE9DA94C-5D4D-4F05-8498-0BFD2C8468C7} = {BC22FF25-209C-43D2-AED9-329327843216}
		{5549497B-5838-4B52-BA13-208212E73C37} = {BC22FF25-209C-43D2-AED9-329327843216}
		{4B1B2177-4342-47CC-B1D4-B01E81C9521A} = {BC22FF25-209C-43D2-AED9-329327843216}
		{8373E0E0-5F72-4139-A1E0-3D0927AA9959} = {BC22FF25-209C-43D2-AED9-329327843216}
		{A4D874B4-2969-4303-8625-85C34138C64C} = {BC22FF25-209C-43D2-AED9-329327843216}
		{92C0FC29-7D7E-49ED-9CF3-B9D88207AA65} = {BC22FF25-209C-43D2-AED9-329327843216}
		{D5551A40-5FE6-403D-9730-C23587A894C5} = {BC22FF25-209C-43D2-AED9-329327843216}
		{17AC9744-8A61-4369-A1FE-39B256F11672} = {BC22FF25-209C-43D2-AED9-329327843216}
		{D259007F-4F65-44D1-8D7B-BA7F34F5B3A8} = {BC22FF25-209C-43D2-AED9-329327843216}
		{79892CD9-21D3-45E6-9E81-9A0173F2C64C} = {BC22FF25-209C-43D2-AED9-329327843216}
		{E1495BB5-5C0D-4D4E-9503-9EA0F60254C7} = {BC22FF25-209C-43D2-AED9-329327843216}
		{D7A45ACC-FED2-4E3B-B426-A2C432BBC0D9} = {BC22FF25-209C-43D2-AED9-329327843216}
		{1953E93D-6330-4921-8E46-2EBBA9C6FD20} = {BC22FF25-209C-43D2-AED9-329327843216}
		{23B7D8C4-8790-4D05-BBAE-2D2824BB17E9} = {BC22FF25-209C-43D2-AED9-329327843216}
		{ADB922D2-62FE-4F02-A42F-6DBE4BCF4497} = {BC22FF25-209C-43D2-AED9-329327843216}
		{68AAF0FD-83B5-417B-8702-4F30D23B42D3} = {BC22FF25-209C-43D2-AED9-329327843216}
		{DA27E704-BB69-4576-BF15-639EF006DCA1} = {BC22FF25-209C-43D2-AED9-329327843216}
		{F96081F0-BAFE-426F-94D1-C26B92D66709} = {BC22FF25-209C-43D2-AED9-329327843216}
		{C6D3279D-A6EE-43D2-AFBB-3DF1CAC12954} = {BC22FF25-209C-43D2-AED9-329327843216}
		{FD186CD8-5AB0-4278-9661-EEB148C94B05} = {BC22FF25-209C-43D2-AED9-329327843216}
		{7FB18870-EC07-489C-81EA-DE3A44F00B0A} = {BC22FF25-209C-43D2-AED9-329327843216}
		{2E29554F-7531-4215-A6B2-2EB9B014A5B5} = {BC22FF25-209C-43D2-AED9-329327843216}
		{7DDF6BF0-1119-4FAD-9D70-2ACF83561B03} = {BC22FF25-209C-43D2-AED9-329327843216}
		{615B2834-966A-4BFE-AFDF-A91B5D22966B} = {BC22FF25-209C-43D2-AED9-329327843216}
		{EEB27EFF-EE5D-451E-9F42-59FBFAD10522} = {BC22FF25-209C-43D2-AED9-329327843216}
		{EAE6972E-01CF-4103-BC74-F6A5383BB8E2} = {BC22FF25-209C-43D2-AED9-329327843216}
		{ECEC295D-9E86-41F9-80CD-C86DFBE0C6B6} = {BC22FF25-209C-43D2-AED9-329327843216}
		{0447A397-6D10-4950-B969-4A1B14F3730E} = {BC22FF25-209C-43D2-AED9-329327843216}
		{53B9B53B-32FA-40F9-891D-E4927CA7D23E} = {BC22FF25-209C-43D2-AED9-329327843216}
		{135DCE42-D987-47E0-8F18-138623D33952} = {BC22FF25-209C-43D2-AED9-329327843216}
		{4EB4ADE9-E677-4FAF-88DE-61637FFC571E} = {BC22FF25-209C-43D2-AED9-329327843216}
		{6DE460B6-01E3-4E95-AC19-E2306D0778C3} = {BC22FF25-209C-43D2-AED9-329327843216}
		{A3F379FE-4E26-4843-BEC8-13499AF44EFA} = {BC22FF25-209C-43D2-AED9-329327843216}
		{1C72F3FC-C33D-485D-94A0-0AA7D2F7617B} = {BC22FF25-209C-43D2-AED9-329327843216}
		{8AF5EDD3-3F0E-4ED7-A3CF-A36279DF68D0} = {BC22FF25-209C-43D2-AED9-329327843216}
		{6FD6AB9B-08E6-4EB8-897D-97B233F53D42} = {BC22FF25-209C-43D2-AED9-329327843216}
		{749D1039-C49C-4971-AD14-97BDE9AA7233} = {BC22FF25-209C-43D2-AED9-329327843216}
		{7B915B96-A830-4FDA-A9CC-2DF31F827D40} = {BC22FF25-209C-43D2-AED9-329327843216}
		{6E73E230-08E1-41C0-843C-51A47A9E1968} = {BC22FF25-209C-43D2-AED9-329327843216}
		{8E30F49F-1B48-4271-8B54-3345DEA50088} = {BC22FF25-209C-43D2-AED9-329327843216}
		{03C02650-BEBD-4B1A-9E60-6B4E28F68E8B} = {BC22FF25-209C-43D2-AED9-329327843216}
		{94B7044A-6119-4B60-AE80-3071BF59DA3D} = {BC22FF25-209C-43D2-AED9-329327843216}
	EndGlobalSection
	GlobalSection(SolutionConfigurationPlatforms) = preSolution
		Debug|Any CPU = Debug|Any CPU
		Release|Any CPU = Release|Any CPU
	EndGlobalSection
	GlobalSection(ProjectConfigurationPlatforms) = postSolution
		{C6E47384-2386-4DEE-B63F-CA4D54A74618}.Debug|Any CPU.ActiveCfg = Debug|Any CPU
		{C6E47384-2386-4DEE-B63F-CA4D54A74618}.Debug|Any CPU.Build.0 = Debug|Any CPU
		{C6E47384-2386-4DEE-B63F-CA4D54A74618}.Release|Any CPU.ActiveCfg = Release|Any CPU
		{C6E47384-2386-4DEE-B63F-CA4D54A74618}.Release|Any CPU.Build.0 = Release|Any CPU
		{75E28BF6-39B2-4F83-9AF8-4B1B7C476162}.Debug|Any CPU.ActiveCfg = Debug|Any CPU
		{75E28BF6-39B2-4F83-9AF8-4B1B7C476162}.Debug|Any CPU.Build.0 = Debug|Any CPU
		{75E28BF6-39B2-4F83-9AF8-4B1B7C476162}.Release|Any CPU.ActiveCfg = Release|Any CPU
		{75E28BF6-39B2-4F83-9AF8-4B1B7C476162}.Release|Any CPU.Build.0 = Release|Any CPU
		{3884B515-21D6-4F1D-95AA-962BAB51FFC1}.Debug|Any CPU.ActiveCfg = Debug|Any CPU
		{3884B515-21D6-4F1D-95AA-962BAB51FFC1}.Debug|Any CPU.Build.0 = Debug|Any CPU
		{3884B515-21D6-4F1D-95AA-962BAB51FFC1}.Release|Any CPU.ActiveCfg = Release|Any CPU
		{3884B515-21D6-4F1D-95AA-962BAB51FFC1}.Release|Any CPU.Build.0 = Release|Any CPU
		{B82BCC5F-1BCE-4852-A84B-9C6B92DA0A0A}.Debug|Any CPU.ActiveCfg = Debug|Any CPU
		{B82BCC5F-1BCE-4852-A84B-9C6B92DA0A0A}.Debug|Any CPU.Build.0 = Debug|Any CPU
		{B82BCC5F-1BCE-4852-A84B-9C6B92DA0A0A}.Release|Any CPU.ActiveCfg = Release|Any CPU
		{B82BCC5F-1BCE-4852-A84B-9C6B92DA0A0A}.Release|Any CPU.Build.0 = Release|Any CPU
		{66A0FEEF-4114-4909-8E11-EC4F4CD36E9D}.Debug|Any CPU.ActiveCfg = Debug|Any CPU
		{66A0FEEF-4114-4909-8E11-EC4F4CD36E9D}.Debug|Any CPU.Build.0 = Debug|Any CPU
		{66A0FEEF-4114-4909-8E11-EC4F4CD36E9D}.Release|Any CPU.ActiveCfg = Release|Any CPU
		{66A0FEEF-4114-4909-8E11-EC4F4CD36E9D}.Release|Any CPU.Build.0 = Release|Any CPU
		{9DB23109-C985-461C-AB70-3C8897A45A6A}.Debug|Any CPU.ActiveCfg = Debug|Any CPU
		{9DB23109-C985-461C-AB70-3C8897A45A6A}.Debug|Any CPU.Build.0 = Debug|Any CPU
		{9DB23109-C985-461C-AB70-3C8897A45A6A}.Release|Any CPU.ActiveCfg = Release|Any CPU
		{9DB23109-C985-461C-AB70-3C8897A45A6A}.Release|Any CPU.Build.0 = Release|Any CPU
		{7B285779-C5D6-4871-8323-D8FDBE149BF3}.Debug|Any CPU.ActiveCfg = Debug|Any CPU
		{7B285779-C5D6-4871-8323-D8FDBE149BF3}.Debug|Any CPU.Build.0 = Debug|Any CPU
		{7B285779-C5D6-4871-8323-D8FDBE149BF3}.Release|Any CPU.ActiveCfg = Release|Any CPU
		{7B285779-C5D6-4871-8323-D8FDBE149BF3}.Release|Any CPU.Build.0 = Release|Any CPU
		{CA3155D6-517F-46FE-B8F4-732C41DF9B6F}.Debug|Any CPU.ActiveCfg = Debug|Any CPU
		{CA3155D6-517F-46FE-B8F4-732C41DF9B6F}.Debug|Any CPU.Build.0 = Debug|Any CPU
		{CA3155D6-517F-46FE-B8F4-732C41DF9B6F}.Release|Any CPU.ActiveCfg = Release|Any CPU
		{CA3155D6-517F-46FE-B8F4-732C41DF9B6F}.Release|Any CPU.Build.0 = Release|Any CPU
		{C966E405-166E-4D5C-A84D-D78B3817781E}.Debug|Any CPU.ActiveCfg = Debug|Any CPU
		{C966E405-166E-4D5C-A84D-D78B3817781E}.Debug|Any CPU.Build.0 = Debug|Any CPU
		{C966E405-166E-4D5C-A84D-D78B3817781E}.Release|Any CPU.ActiveCfg = Release|Any CPU
		{C966E405-166E-4D5C-A84D-D78B3817781E}.Release|Any CPU.Build.0 = Release|Any CPU
		{15BB3303-A422-406B-8DBD-A2B205CBB938}.Debug|Any CPU.ActiveCfg = Debug|Any CPU
		{15BB3303-A422-406B-8DBD-A2B205CBB938}.Debug|Any CPU.Build.0 = Debug|Any CPU
		{15BB3303-A422-406B-8DBD-A2B205CBB938}.Release|Any CPU.ActiveCfg = Release|Any CPU
		{15BB3303-A422-406B-8DBD-A2B205CBB938}.Release|Any CPU.Build.0 = Release|Any CPU
		{B8EFDB2E-0886-4E19-872E-40D998F1C9FE}.Debug|Any CPU.ActiveCfg = Debug|Any CPU
		{B8EFDB2E-0886-4E19-872E-40D998F1C9FE}.Debug|Any CPU.Build.0 = Debug|Any CPU
		{B8EFDB2E-0886-4E19-872E-40D998F1C9FE}.Release|Any CPU.ActiveCfg = Release|Any CPU
		{B8EFDB2E-0886-4E19-872E-40D998F1C9FE}.Release|Any CPU.Build.0 = Release|Any CPU
		{A87EB391-3A79-44AC-966A-F3546680ADF5}.Debug|Any CPU.ActiveCfg = Debug|Any CPU
		{A87EB391-3A79-44AC-966A-F3546680ADF5}.Debug|Any CPU.Build.0 = Debug|Any CPU
		{A87EB391-3A79-44AC-966A-F3546680ADF5}.Release|Any CPU.ActiveCfg = Release|Any CPU
		{A87EB391-3A79-44AC-966A-F3546680ADF5}.Release|Any CPU.Build.0 = Release|Any CPU
		{B313FF88-20BC-48AB-BD85-CE7CF95B6C8A}.Debug|Any CPU.ActiveCfg = Debug|Any CPU
		{B313FF88-20BC-48AB-BD85-CE7CF95B6C8A}.Debug|Any CPU.Build.0 = Debug|Any CPU
		{B313FF88-20BC-48AB-BD85-CE7CF95B6C8A}.Release|Any CPU.ActiveCfg = Release|Any CPU
		{B313FF88-20BC-48AB-BD85-CE7CF95B6C8A}.Release|Any CPU.Build.0 = Release|Any CPU
		{E54DC856-C89E-4EBD-B291-CD75E36E7342}.Debug|Any CPU.ActiveCfg = Debug|Any CPU
		{E54DC856-C89E-4EBD-B291-CD75E36E7342}.Debug|Any CPU.Build.0 = Debug|Any CPU
		{E54DC856-C89E-4EBD-B291-CD75E36E7342}.Release|Any CPU.ActiveCfg = Release|Any CPU
		{E54DC856-C89E-4EBD-B291-CD75E36E7342}.Release|Any CPU.Build.0 = Release|Any CPU
		{CE9DA94C-5D4D-4F05-8498-0BFD2C8468C7}.Debug|Any CPU.ActiveCfg = Debug|Any CPU
		{CE9DA94C-5D4D-4F05-8498-0BFD2C8468C7}.Debug|Any CPU.Build.0 = Debug|Any CPU
		{CE9DA94C-5D4D-4F05-8498-0BFD2C8468C7}.Release|Any CPU.ActiveCfg = Release|Any CPU
		{CE9DA94C-5D4D-4F05-8498-0BFD2C8468C7}.Release|Any CPU.Build.0 = Release|Any CPU
		{5549497B-5838-4B52-BA13-208212E73C37}.Debug|Any CPU.ActiveCfg = Debug|Any CPU
		{5549497B-5838-4B52-BA13-208212E73C37}.Debug|Any CPU.Build.0 = Debug|Any CPU
		{5549497B-5838-4B52-BA13-208212E73C37}.Release|Any CPU.ActiveCfg = Release|Any CPU
		{5549497B-5838-4B52-BA13-208212E73C37}.Release|Any CPU.Build.0 = Release|Any CPU
		{4B1B2177-4342-47CC-B1D4-B01E81C9521A}.Debug|Any CPU.ActiveCfg = Debug|Any CPU
		{4B1B2177-4342-47CC-B1D4-B01E81C9521A}.Debug|Any CPU.Build.0 = Debug|Any CPU
		{4B1B2177-4342-47CC-B1D4-B01E81C9521A}.Release|Any CPU.ActiveCfg = Release|Any CPU
		{4B1B2177-4342-47CC-B1D4-B01E81C9521A}.Release|Any CPU.Build.0 = Release|Any CPU
		{8373E0E0-5F72-4139-A1E0-3D0927AA9959}.Debug|Any CPU.ActiveCfg = Debug|Any CPU
		{8373E0E0-5F72-4139-A1E0-3D0927AA9959}.Debug|Any CPU.Build.0 = Debug|Any CPU
		{8373E0E0-5F72-4139-A1E0-3D0927AA9959}.Release|Any CPU.ActiveCfg = Release|Any CPU
		{8373E0E0-5F72-4139-A1E0-3D0927AA9959}.Release|Any CPU.Build.0 = Release|Any CPU
		{A4D874B4-2969-4303-8625-85C34138C64C}.Debug|Any CPU.ActiveCfg = Debug|Any CPU
		{A4D874B4-2969-4303-8625-85C34138C64C}.Debug|Any CPU.Build.0 = Debug|Any CPU
		{A4D874B4-2969-4303-8625-85C34138C64C}.Release|Any CPU.ActiveCfg = Release|Any CPU
		{A4D874B4-2969-4303-8625-85C34138C64C}.Release|Any CPU.Build.0 = Release|Any CPU
		{92C0FC29-7D7E-49ED-9CF3-B9D88207AA65}.Debug|Any CPU.ActiveCfg = Debug|Any CPU
		{92C0FC29-7D7E-49ED-9CF3-B9D88207AA65}.Debug|Any CPU.Build.0 = Debug|Any CPU
		{92C0FC29-7D7E-49ED-9CF3-B9D88207AA65}.Release|Any CPU.ActiveCfg = Release|Any CPU
		{92C0FC29-7D7E-49ED-9CF3-B9D88207AA65}.Release|Any CPU.Build.0 = Release|Any CPU
		{D5551A40-5FE6-403D-9730-C23587A894C5}.Debug|Any CPU.ActiveCfg = Debug|Any CPU
		{D5551A40-5FE6-403D-9730-C23587A894C5}.Debug|Any CPU.Build.0 = Debug|Any CPU
		{D5551A40-5FE6-403D-9730-C23587A894C5}.Release|Any CPU.ActiveCfg = Release|Any CPU
		{D5551A40-5FE6-403D-9730-C23587A894C5}.Release|Any CPU.Build.0 = Release|Any CPU
		{17AC9744-8A61-4369-A1FE-39B256F11672}.Debug|Any CPU.ActiveCfg = Debug|Any CPU
		{17AC9744-8A61-4369-A1FE-39B256F11672}.Debug|Any CPU.Build.0 = Debug|Any CPU
		{17AC9744-8A61-4369-A1FE-39B256F11672}.Release|Any CPU.ActiveCfg = Release|Any CPU
		{17AC9744-8A61-4369-A1FE-39B256F11672}.Release|Any CPU.Build.0 = Release|Any CPU
		{D259007F-4F65-44D1-8D7B-BA7F34F5B3A8}.Debug|Any CPU.ActiveCfg = Debug|Any CPU
		{D259007F-4F65-44D1-8D7B-BA7F34F5B3A8}.Debug|Any CPU.Build.0 = Debug|Any CPU
		{D259007F-4F65-44D1-8D7B-BA7F34F5B3A8}.Release|Any CPU.ActiveCfg = Release|Any CPU
		{D259007F-4F65-44D1-8D7B-BA7F34F5B3A8}.Release|Any CPU.Build.0 = Release|Any CPU
		{79892CD9-21D3-45E6-9E81-9A0173F2C64C}.Debug|Any CPU.ActiveCfg = Debug|Any CPU
		{79892CD9-21D3-45E6-9E81-9A0173F2C64C}.Debug|Any CPU.Build.0 = Debug|Any CPU
		{79892CD9-21D3-45E6-9E81-9A0173F2C64C}.Release|Any CPU.ActiveCfg = Release|Any CPU
		{79892CD9-21D3-45E6-9E81-9A0173F2C64C}.Release|Any CPU.Build.0 = Release|Any CPU
		{E1495BB5-5C0D-4D4E-9503-9EA0F60254C7}.Debug|Any CPU.ActiveCfg = Debug|Any CPU
		{E1495BB5-5C0D-4D4E-9503-9EA0F60254C7}.Debug|Any CPU.Build.0 = Debug|Any CPU
		{E1495BB5-5C0D-4D4E-9503-9EA0F60254C7}.Release|Any CPU.ActiveCfg = Release|Any CPU
		{E1495BB5-5C0D-4D4E-9503-9EA0F60254C7}.Release|Any CPU.Build.0 = Release|Any CPU
		{D7A45ACC-FED2-4E3B-B426-A2C432BBC0D9}.Debug|Any CPU.ActiveCfg = Debug|Any CPU
		{D7A45ACC-FED2-4E3B-B426-A2C432BBC0D9}.Debug|Any CPU.Build.0 = Debug|Any CPU
		{D7A45ACC-FED2-4E3B-B426-A2C432BBC0D9}.Release|Any CPU.ActiveCfg = Release|Any CPU
		{D7A45ACC-FED2-4E3B-B426-A2C432BBC0D9}.Release|Any CPU.Build.0 = Release|Any CPU
		{1953E93D-6330-4921-8E46-2EBBA9C6FD20}.Debug|Any CPU.ActiveCfg = Debug|Any CPU
		{1953E93D-6330-4921-8E46-2EBBA9C6FD20}.Debug|Any CPU.Build.0 = Debug|Any CPU
		{1953E93D-6330-4921-8E46-2EBBA9C6FD20}.Release|Any CPU.ActiveCfg = Release|Any CPU
		{1953E93D-6330-4921-8E46-2EBBA9C6FD20}.Release|Any CPU.Build.0 = Release|Any CPU
		{23B7D8C4-8790-4D05-BBAE-2D2824BB17E9}.Debug|Any CPU.ActiveCfg = Debug|Any CPU
		{23B7D8C4-8790-4D05-BBAE-2D2824BB17E9}.Debug|Any CPU.Build.0 = Debug|Any CPU
		{23B7D8C4-8790-4D05-BBAE-2D2824BB17E9}.Release|Any CPU.ActiveCfg = Release|Any CPU
		{23B7D8C4-8790-4D05-BBAE-2D2824BB17E9}.Release|Any CPU.Build.0 = Release|Any CPU
		{ADB922D2-62FE-4F02-A42F-6DBE4BCF4497}.Debug|Any CPU.ActiveCfg = Debug|Any CPU
		{ADB922D2-62FE-4F02-A42F-6DBE4BCF4497}.Debug|Any CPU.Build.0 = Debug|Any CPU
		{ADB922D2-62FE-4F02-A42F-6DBE4BCF4497}.Release|Any CPU.ActiveCfg = Release|Any CPU
		{ADB922D2-62FE-4F02-A42F-6DBE4BCF4497}.Release|Any CPU.Build.0 = Release|Any CPU
		{68AAF0FD-83B5-417B-8702-4F30D23B42D3}.Debug|Any CPU.ActiveCfg = Debug|Any CPU
		{68AAF0FD-83B5-417B-8702-4F30D23B42D3}.Debug|Any CPU.Build.0 = Debug|Any CPU
		{68AAF0FD-83B5-417B-8702-4F30D23B42D3}.Release|Any CPU.ActiveCfg = Release|Any CPU
		{68AAF0FD-83B5-417B-8702-4F30D23B42D3}.Release|Any CPU.Build.0 = Release|Any CPU
		{DA27E704-BB69-4576-BF15-639EF006DCA1}.Debug|Any CPU.ActiveCfg = Debug|Any CPU
		{DA27E704-BB69-4576-BF15-639EF006DCA1}.Debug|Any CPU.Build.0 = Debug|Any CPU
		{DA27E704-BB69-4576-BF15-639EF006DCA1}.Release|Any CPU.ActiveCfg = Release|Any CPU
		{DA27E704-BB69-4576-BF15-639EF006DCA1}.Release|Any CPU.Build.0 = Release|Any CPU
		{F96081F0-BAFE-426F-94D1-C26B92D66709}.Debug|Any CPU.ActiveCfg = Debug|Any CPU
		{F96081F0-BAFE-426F-94D1-C26B92D66709}.Debug|Any CPU.Build.0 = Debug|Any CPU
		{F96081F0-BAFE-426F-94D1-C26B92D66709}.Release|Any CPU.ActiveCfg = Release|Any CPU
		{F96081F0-BAFE-426F-94D1-C26B92D66709}.Release|Any CPU.Build.0 = Release|Any CPU
		{C6D3279D-A6EE-43D2-AFBB-3DF1CAC12954}.Debug|Any CPU.ActiveCfg = Debug|Any CPU
		{C6D3279D-A6EE-43D2-AFBB-3DF1CAC12954}.Debug|Any CPU.Build.0 = Debug|Any CPU
		{C6D3279D-A6EE-43D2-AFBB-3DF1CAC12954}.Release|Any CPU.ActiveCfg = Release|Any CPU
		{C6D3279D-A6EE-43D2-AFBB-3DF1CAC12954}.Release|Any CPU.Build.0 = Release|Any CPU
		{FD186CD8-5AB0-4278-9661-EEB148C94B05}.Debug|Any CPU.ActiveCfg = Debug|Any CPU
		{FD186CD8-5AB0-4278-9661-EEB148C94B05}.Debug|Any CPU.Build.0 = Debug|Any CPU
		{FD186CD8-5AB0-4278-9661-EEB148C94B05}.Release|Any CPU.ActiveCfg = Release|Any CPU
		{FD186CD8-5AB0-4278-9661-EEB148C94B05}.Release|Any CPU.Build.0 = Release|Any CPU
		{7FB18870-EC07-489C-81EA-DE3A44F00B0A}.Debug|Any CPU.ActiveCfg = Debug|Any CPU
		{7FB18870-EC07-489C-81EA-DE3A44F00B0A}.Debug|Any CPU.Build.0 = Debug|Any CPU
		{7FB18870-EC07-489C-81EA-DE3A44F00B0A}.Release|Any CPU.ActiveCfg = Release|Any CPU
		{7FB18870-EC07-489C-81EA-DE3A44F00B0A}.Release|Any CPU.Build.0 = Release|Any CPU
		{2E29554F-7531-4215-A6B2-2EB9B014A5B5}.Debug|Any CPU.ActiveCfg = Debug|Any CPU
		{2E29554F-7531-4215-A6B2-2EB9B014A5B5}.Debug|Any CPU.Build.0 = Debug|Any CPU
		{2E29554F-7531-4215-A6B2-2EB9B014A5B5}.Release|Any CPU.ActiveCfg = Release|Any CPU
		{2E29554F-7531-4215-A6B2-2EB9B014A5B5}.Release|Any CPU.Build.0 = Release|Any CPU
		{7DDF6BF0-1119-4FAD-9D70-2ACF83561B03}.Debug|Any CPU.ActiveCfg = Debug|Any CPU
		{7DDF6BF0-1119-4FAD-9D70-2ACF83561B03}.Debug|Any CPU.Build.0 = Debug|Any CPU
		{7DDF6BF0-1119-4FAD-9D70-2ACF83561B03}.Release|Any CPU.ActiveCfg = Release|Any CPU
		{7DDF6BF0-1119-4FAD-9D70-2ACF83561B03}.Release|Any CPU.Build.0 = Release|Any CPU
		{615B2834-966A-4BFE-AFDF-A91B5D22966B}.Debug|Any CPU.ActiveCfg = Debug|Any CPU
		{615B2834-966A-4BFE-AFDF-A91B5D22966B}.Debug|Any CPU.Build.0 = Debug|Any CPU
		{615B2834-966A-4BFE-AFDF-A91B5D22966B}.Release|Any CPU.ActiveCfg = Release|Any CPU
		{615B2834-966A-4BFE-AFDF-A91B5D22966B}.Release|Any CPU.Build.0 = Release|Any CPU
		{EEB27EFF-EE5D-451E-9F42-59FBFAD10522}.Debug|Any CPU.ActiveCfg = Debug|Any CPU
		{EEB27EFF-EE5D-451E-9F42-59FBFAD10522}.Debug|Any CPU.Build.0 = Debug|Any CPU
		{EEB27EFF-EE5D-451E-9F42-59FBFAD10522}.Release|Any CPU.ActiveCfg = Release|Any CPU
		{EEB27EFF-EE5D-451E-9F42-59FBFAD10522}.Release|Any CPU.Build.0 = Release|Any CPU
		{EAE6972E-01CF-4103-BC74-F6A5383BB8E2}.Debug|Any CPU.ActiveCfg = Debug|Any CPU
		{EAE6972E-01CF-4103-BC74-F6A5383BB8E2}.Debug|Any CPU.Build.0 = Debug|Any CPU
		{EAE6972E-01CF-4103-BC74-F6A5383BB8E2}.Release|Any CPU.ActiveCfg = Release|Any CPU
		{EAE6972E-01CF-4103-BC74-F6A5383BB8E2}.Release|Any CPU.Build.0 = Release|Any CPU
		{ECEC295D-9E86-41F9-80CD-C86DFBE0C6B6}.Debug|Any CPU.ActiveCfg = Debug|Any CPU
		{ECEC295D-9E86-41F9-80CD-C86DFBE0C6B6}.Debug|Any CPU.Build.0 = Debug|Any CPU
		{ECEC295D-9E86-41F9-80CD-C86DFBE0C6B6}.Release|Any CPU.ActiveCfg = Release|Any CPU
		{ECEC295D-9E86-41F9-80CD-C86DFBE0C6B6}.Release|Any CPU.Build.0 = Release|Any CPU
		{0447A397-6D10-4950-B969-4A1B14F3730E}.Debug|Any CPU.ActiveCfg = Debug|Any CPU
		{0447A397-6D10-4950-B969-4A1B14F3730E}.Debug|Any CPU.Build.0 = Debug|Any CPU
		{0447A397-6D10-4950-B969-4A1B14F3730E}.Release|Any CPU.ActiveCfg = Release|Any CPU
		{0447A397-6D10-4950-B969-4A1B14F3730E}.Release|Any CPU.Build.0 = Release|Any CPU
		{53B9B53B-32FA-40F9-891D-E4927CA7D23E}.Debug|Any CPU.ActiveCfg = Debug|Any CPU
		{53B9B53B-32FA-40F9-891D-E4927CA7D23E}.Debug|Any CPU.Build.0 = Debug|Any CPU
		{53B9B53B-32FA-40F9-891D-E4927CA7D23E}.Release|Any CPU.ActiveCfg = Release|Any CPU
		{53B9B53B-32FA-40F9-891D-E4927CA7D23E}.Release|Any CPU.Build.0 = Release|Any CPU
		{135DCE42-D987-47E0-8F18-138623D33952}.Debug|Any CPU.ActiveCfg = Debug|Any CPU
		{135DCE42-D987-47E0-8F18-138623D33952}.Debug|Any CPU.Build.0 = Debug|Any CPU
		{135DCE42-D987-47E0-8F18-138623D33952}.Release|Any CPU.ActiveCfg = Release|Any CPU
		{135DCE42-D987-47E0-8F18-138623D33952}.Release|Any CPU.Build.0 = Release|Any CPU
		{4EB4ADE9-E677-4FAF-88DE-61637FFC571E}.Debug|Any CPU.ActiveCfg = Debug|Any CPU
		{4EB4ADE9-E677-4FAF-88DE-61637FFC571E}.Debug|Any CPU.Build.0 = Debug|Any CPU
		{4EB4ADE9-E677-4FAF-88DE-61637FFC571E}.Release|Any CPU.ActiveCfg = Release|Any CPU
		{4EB4ADE9-E677-4FAF-88DE-61637FFC571E}.Release|Any CPU.Build.0 = Release|Any CPU
		{6DE460B6-01E3-4E95-AC19-E2306D0778C3}.Debug|Any CPU.ActiveCfg = Debug|Any CPU
		{6DE460B6-01E3-4E95-AC19-E2306D0778C3}.Debug|Any CPU.Build.0 = Debug|Any CPU
		{6DE460B6-01E3-4E95-AC19-E2306D0778C3}.Release|Any CPU.ActiveCfg = Release|Any CPU
		{6DE460B6-01E3-4E95-AC19-E2306D0778C3}.Release|Any CPU.Build.0 = Release|Any CPU
		{A3F379FE-4E26-4843-BEC8-13499AF44EFA}.Debug|Any CPU.ActiveCfg = Debug|Any CPU
		{A3F379FE-4E26-4843-BEC8-13499AF44EFA}.Debug|Any CPU.Build.0 = Debug|Any CPU
		{A3F379FE-4E26-4843-BEC8-13499AF44EFA}.Release|Any CPU.ActiveCfg = Release|Any CPU
		{A3F379FE-4E26-4843-BEC8-13499AF44EFA}.Release|Any CPU.Build.0 = Release|Any CPU
		{1C72F3FC-C33D-485D-94A0-0AA7D2F7617B}.Debug|Any CPU.ActiveCfg = Debug|Any CPU
		{1C72F3FC-C33D-485D-94A0-0AA7D2F7617B}.Debug|Any CPU.Build.0 = Debug|Any CPU
		{1C72F3FC-C33D-485D-94A0-0AA7D2F7617B}.Release|Any CPU.ActiveCfg = Release|Any CPU
		{1C72F3FC-C33D-485D-94A0-0AA7D2F7617B}.Release|Any CPU.Build.0 = Release|Any CPU
		{8AF5EDD3-3F0E-4ED7-A3CF-A36279DF68D0}.Debug|Any CPU.ActiveCfg = Debug|Any CPU
		{8AF5EDD3-3F0E-4ED7-A3CF-A36279DF68D0}.Debug|Any CPU.Build.0 = Debug|Any CPU
		{8AF5EDD3-3F0E-4ED7-A3CF-A36279DF68D0}.Release|Any CPU.ActiveCfg = Release|Any CPU
		{8AF5EDD3-3F0E-4ED7-A3CF-A36279DF68D0}.Release|Any CPU.Build.0 = Release|Any CPU
		{6FD6AB9B-08E6-4EB8-897D-97B233F53D42}.Debug|Any CPU.ActiveCfg = Debug|Any CPU
		{6FD6AB9B-08E6-4EB8-897D-97B233F53D42}.Debug|Any CPU.Build.0 = Debug|Any CPU
		{6FD6AB9B-08E6-4EB8-897D-97B233F53D42}.Release|Any CPU.ActiveCfg = Release|Any CPU
		{6FD6AB9B-08E6-4EB8-897D-97B233F53D42}.Release|Any CPU.Build.0 = Release|Any CPU
		{749D1039-C49C-4971-AD14-97BDE9AA7233}.Debug|Any CPU.ActiveCfg = Debug|Any CPU
		{749D1039-C49C-4971-AD14-97BDE9AA7233}.Debug|Any CPU.Build.0 = Debug|Any CPU
		{749D1039-C49C-4971-AD14-97BDE9AA7233}.Release|Any CPU.ActiveCfg = Release|Any CPU
		{749D1039-C49C-4971-AD14-97BDE9AA7233}.Release|Any CPU.Build.0 = Release|Any CPU
		{7B915B96-A830-4FDA-A9CC-2DF31F827D40}.Debug|Any CPU.ActiveCfg = Debug|Any CPU
		{7B915B96-A830-4FDA-A9CC-2DF31F827D40}.Debug|Any CPU.Build.0 = Debug|Any CPU
		{7B915B96-A830-4FDA-A9CC-2DF31F827D40}.Release|Any CPU.ActiveCfg = Release|Any CPU
		{7B915B96-A830-4FDA-A9CC-2DF31F827D40}.Release|Any CPU.Build.0 = Release|Any CPU
		{6E73E230-08E1-41C0-843C-51A47A9E1968}.Debug|Any CPU.ActiveCfg = Debug|Any CPU
		{6E73E230-08E1-41C0-843C-51A47A9E1968}.Debug|Any CPU.Build.0 = Debug|Any CPU
		{6E73E230-08E1-41C0-843C-51A47A9E1968}.Release|Any CPU.ActiveCfg = Release|Any CPU
		{6E73E230-08E1-41C0-843C-51A47A9E1968}.Release|Any CPU.Build.0 = Release|Any CPU
		{8E30F49F-1B48-4271-8B54-3345DEA50088}.Debug|Any CPU.ActiveCfg = Debug|Any CPU
		{8E30F49F-1B48-4271-8B54-3345DEA50088}.Debug|Any CPU.Build.0 = Debug|Any CPU
		{8E30F49F-1B48-4271-8B54-3345DEA50088}.Release|Any CPU.ActiveCfg = Release|Any CPU
		{8E30F49F-1B48-4271-8B54-3345DEA50088}.Release|Any CPU.Build.0 = Release|Any CPU
		{03C02650-BEBD-4B1A-9E60-6B4E28F68E8B}.Debug|Any CPU.ActiveCfg = Debug|Any CPU
		{03C02650-BEBD-4B1A-9E60-6B4E28F68E8B}.Debug|Any CPU.Build.0 = Debug|Any CPU
		{03C02650-BEBD-4B1A-9E60-6B4E28F68E8B}.Release|Any CPU.ActiveCfg = Release|Any CPU
		{03C02650-BEBD-4B1A-9E60-6B4E28F68E8B}.Release|Any CPU.Build.0 = Release|Any CPU
		{94B7044A-6119-4B60-AE80-3071BF59DA3D}.Debug|Any CPU.ActiveCfg = Debug|Any CPU
		{94B7044A-6119-4B60-AE80-3071BF59DA3D}.Debug|Any CPU.Build.0 = Debug|Any CPU
		{94B7044A-6119-4B60-AE80-3071BF59DA3D}.Release|Any CPU.ActiveCfg = Release|Any CPU
		{94B7044A-6119-4B60-AE80-3071BF59DA3D}.Release|Any CPU.Build.0 = Release|Any CPU
	EndGlobalSection
	GlobalSection(SolutionProperties) = preSolution
		HideSolutionNode = FALSE
	EndGlobalSection
	GlobalSection(ExtensibilityGlobals) = postSolution
		SolutionGuid = {20C8FECD-6A13-4A24-979D-5DA38E1F8583}
	EndGlobalSection
EndGlobal
