
Microsoft Visual Studio Solution File, Format Version 12.00
# Visual Studio Version 17
VisualStudioVersion = 17.2.32630.192
MinimumVisualStudioVersion = 10.0.40219.1
Project("{9A19103F-16F7-4668-BE54-9A1E7A4F7556}") = "R5T.S0068", "R5T.S0068\R5T.S0068.csproj", "{C6E47384-2386-4DEE-B63F-CA4D54A74618}"
EndProject
Project("{2150E333-8FDC-42A3-9474-1A3956D46DE8}") = "_Dependencies", "_Dependencies", "{BC22FF25-209C-43D2-AED9-329327843216}"
EndProject
Project("{9A19103F-16F7-4668-BE54-9A1E7A4F7556}") = "R5T.F0000", "..\..\R5T.F0000\source\R5T.F0000\R5T.F0000.csproj", "{75E28BF6-39B2-4F83-9AF8-4B1B7C476162}"
EndProject
Project("{9A19103F-16F7-4668-BE54-9A1E7A4F7556}") = "R5T.F0002", "..\..\R5T.F0002\source\R5T.F0002\R5T.F0002.csproj", "{3884B515-21D6-4F1D-95AA-962BAB51FFC1}"
EndProject
Project("{9A19103F-16F7-4668-BE54-9A1E7A4F7556}") = "R5T.F0120", "..\..\R5T.F0120\source\R5T.F0120\R5T.F0120.csproj", "{B82BCC5F-1BCE-4852-A84B-9C6B92DA0A0A}"
EndProject
Project("{9A19103F-16F7-4668-BE54-9A1E7A4F7556}") = "R5T.F0124", "..\..\R5T.F0124\source\R5T.F0124\R5T.F0124.csproj", "{66A0FEEF-4114-4909-8E11-EC4F4CD36E9D}"
EndProject
Project("{9A19103F-16F7-4668-BE54-9A1E7A4F7556}") = "R5T.F0125", "..\..\R5T.F0125\source\R5T.F0125\R5T.F0125.csproj", "{9DB23109-C985-461C-AB70-3C8897A45A6A}"
EndProject
Project("{9A19103F-16F7-4668-BE54-9A1E7A4F7556}") = "R5T.L0030.T000", "..\..\R5T.L0030\source\R5T.L0030.T000\R5T.L0030.T000.csproj", "{7B285779-C5D6-4871-8323-D8FDBE149BF3}"
EndProject
Project("{9A19103F-16F7-4668-BE54-9A1E7A4F7556}") = "R5T.L0030", "..\..\R5T.L0030\source\R5T.L0030\R5T.L0030.csproj", "{CA3155D6-517F-46FE-B8F4-732C41DF9B6F}"
EndProject
Project("{9A19103F-16F7-4668-BE54-9A1E7A4F7556}") = "R5T.L0034", "..\..\R5T.L0034\source\R5T.L0034\R5T.L0034.csproj", "{C966E405-166E-4D5C-A84D-D78B3817781E}"
EndProject
Project("{9A19103F-16F7-4668-BE54-9A1E7A4F7556}") = "R5T.L0035", "..\..\R5T.L0035\source\R5T.L0035\R5T.L0035.csproj", "{15BB3303-A422-406B-8DBD-A2B205CBB938}"
EndProject
Project("{9A19103F-16F7-4668-BE54-9A1E7A4F7556}") = "R5T.T0131", "..\..\R5T.T0131\source\R5T.T0131\R5T.T0131.csproj", "{B8EFDB2E-0886-4E19-872E-40D998F1C9FE}"
EndProject
Project("{9A19103F-16F7-4668-BE54-9A1E7A4F7556}") = "R5T.T0132", "..\..\R5T.T0132\source\R5T.T0132\R5T.T0132.csproj", "{A87EB391-3A79-44AC-966A-F3546680ADF5}"
EndProject
Project("{9A19103F-16F7-4668-BE54-9A1E7A4F7556}") = "R5T.T0142", "..\..\R5T.T0142\source\R5T.T0142\R5T.T0142.csproj", "{B313FF88-20BC-48AB-BD85-CE7CF95B6C8A}"
EndProject
Project("{9A19103F-16F7-4668-BE54-9A1E7A4F7556}") = "R5T.T0143", "..\..\R5T.T0143\source\R5T.T0143\R5T.T0143.csproj", "{E54DC856-C89E-4EBD-B291-CD75E36E7342}"
EndProject
Project("{9A19103F-16F7-4668-BE54-9A1E7A4F7556}") = "R5T.T0150", "..\..\R5T.T0150\source\R5T.T0150\R5T.T0150.csproj", "{CE9DA94C-5D4D-4F05-8498-0BFD2C8468C7}"
EndProject
Project("{9A19103F-16F7-4668-BE54-9A1E7A4F7556}") = "R5T.T0151", "..\..\R5T.T0151\source\R5T.T0151\R5T.T0151.csproj", "{5549497B-5838-4B52-BA13-208212E73C37}"
EndProject
Project("{9A19103F-16F7-4668-BE54-9A1E7A4F7556}") = "R5T.T0156", "..\..\R5T.T0156\source\R5T.T0156\R5T.T0156.csproj", "{4B1B2177-4342-47CC-B1D4-B01E81C9521A}"
EndProject
Project("{9A19103F-16F7-4668-BE54-9A1E7A4F7556}") = "R5T.T0172", "..\..\R5T.T0172\source\R5T.T0172\R5T.T0172.csproj", "{8373E0E0-5F72-4139-A1E0-3D0927AA9959}"
EndProject
Project("{9A19103F-16F7-4668-BE54-9A1E7A4F7556}") = "R5T.T0174", "..\..\R5T.T0174\source\R5T.T0174\R5T.T0174.csproj", "{A4D874B4-2969-4303-8625-85C34138C64C}"
EndProject
Project("{9A19103F-16F7-4668-BE54-9A1E7A4F7556}") = "R5T.T0176", "..\..\R5T.T0176\source\R5T.T0176\R5T.T0176.csproj", "{92C0FC29-7D7E-49ED-9CF3-B9D88207AA65}"
EndProject
Project("{9A19103F-16F7-4668-BE54-9A1E7A4F7556}") = "R5T.T0177", "..\..\R5T.T0177\source\R5T.T0177\R5T.T0177.csproj", "{D5551A40-5FE6-403D-9730-C23587A894C5}"
EndProject
Project("{9A19103F-16F7-4668-BE54-9A1E7A4F7556}") = "R5T.T0178", "..\..\R5T.T0178\source\R5T.T0178\R5T.T0178.csproj", "{17AC9744-8A61-4369-A1FE-39B256F11672}"
EndProject
Project("{9A19103F-16F7-4668-BE54-9A1E7A4F7556}") = "R5T.T0179", "..\..\R5T.T0179\source\R5T.T0179\R5T.T0179.csproj", "{D259007F-4F65-44D1-8D7B-BA7F34F5B3A8}"
EndProject
Project("{9A19103F-16F7-4668-BE54-9A1E7A4F7556}") = "R5T.T0180", "..\..\R5T.T0180\source\R5T.T0180\R5T.T0180.csproj", "{79892CD9-21D3-45E6-9E81-9A0173F2C64C}"
EndProject
Project("{9A19103F-16F7-4668-BE54-9A1E7A4F7556}") = "R5T.T0181", "..\..\R5T.T0181\source\R5T.T0181\R5T.T0181.csproj", "{E1495BB5-5C0D-4D4E-9503-9EA0F60254C7}"
EndProject
Project("{9A19103F-16F7-4668-BE54-9A1E7A4F7556}") = "R5T.T0185", "..\..\R5T.T0185\source\R5T.T0185\R5T.T0185.csproj", "{D7A45ACC-FED2-4E3B-B426-A2C432BBC0D9}"
EndProject
Project("{9A19103F-16F7-4668-BE54-9A1E7A4F7556}") = "R5T.T0197", "..\..\R5T.T0197\source\R5T.T0197\R5T.T0197.csproj", "{1953E93D-6330-4921-8E46-2EBBA9C6FD20}"
EndProject
Project("{9A19103F-16F7-4668-BE54-9A1E7A4F7556}") = "R5T.Y0000", "..\..\R5T.Y0000\source\R5T.Y0000\R5T.Y0000.csproj", "{23B7D8C4-8790-4D05-BBAE-2D2824BB17E9}"
EndProject
Project("{9A19103F-16F7-4668-BE54-9A1E7A4F7556}") = "R5T.Z0000", "..\..\R5T.Z0000\source\R5T.Z0000\R5T.Z0000.csproj", "{ADB922D2-62FE-4F02-A42F-6DBE4BCF4497}"
EndProject
Project("{9A19103F-16F7-4668-BE54-9A1E7A4F7556}") = "R5T.F0133", "..\..\R5T.F0133\source\R5T.F0133\R5T.F0133.csproj", "{68AAF0FD-83B5-417B-8702-4F30D23B42D3}"
EndProject
Project("{9A19103F-16F7-4668-BE54-9A1E7A4F7556}") = "R5T.F0134", "..\..\R5T.F0134\source\R5T.F0134\R5T.F0134.csproj", "{DA27E704-BB69-4576-BF15-639EF006DCA1}"
EndProject
Project("{9A19103F-16F7-4668-BE54-9A1E7A4F7556}") = "R5T.T0187", "..\..\R5T.T0187\source\R5T.T0187\R5T.T0187.csproj", "{F96081F0-BAFE-426F-94D1-C26B92D66709}"
EndProject
Project("{9A19103F-16F7-4668-BE54-9A1E7A4F7556}") = "R5T.T0161", "..\..\R5T.T0161\source\R5T.T0161\R5T.T0161.csproj", "{C6D3279D-A6EE-43D2-AFBB-3DF1CAC12954}"
EndProject
Project("{9A19103F-16F7-4668-BE54-9A1E7A4F7556}") = "R5T.T0196", "..\..\R5T.T0196\source\R5T.T0196\R5T.T0196.csproj", "{FD186CD8-5AB0-4278-9661-EEB148C94B05}"
EndProject
Project("{9A19103F-16F7-4668-BE54-9A1E7A4F7556}") = "R5T.Z0046", "..\..\R5T.Z0046\source\R5T.Z0046\R5T.Z0046.csproj", "{7FB18870-EC07-489C-81EA-DE3A44F00B0A}"
EndProject
Project("{9A19103F-16F7-4668-BE54-9A1E7A4F7556}") = "R5T.F0127", "..\..\R5T.F0127\source\R5T.F0127\R5T.F0127.csproj", "{2E29554F-7531-4215-A6B2-2EB9B014A5B5}"
EndProject
Project("{9A19103F-16F7-4668-BE54-9A1E7A4F7556}") = "R5T.F0128", "..\..\R5T.F0128\source\R5T.F0128\R5T.F0128.csproj", "{7DDF6BF0-1119-4FAD-9D70-2ACF83561B03}"
EndProject
Project("{9A19103F-16F7-4668-BE54-9A1E7A4F7556}") = "R5T.T0184", "..\..\R5T.T0184\source\R5T.T0184\R5T.T0184.csproj", "{615B2834-966A-4BFE-AFDF-A91B5D22966B}"
EndProject
Global
	GlobalSection(NestedProjects) = preSolution
		{75E28BF6-39B2-4F83-9AF8-4B1B7C476162} = {BC22FF25-209C-43D2-AED9-329327843216}
		{3884B515-21D6-4F1D-95AA-962BAB51FFC1} = {BC22FF25-209C-43D2-AED9-329327843216}
		{B82BCC5F-1BCE-4852-A84B-9C6B92DA0A0A} = {BC22FF25-209C-43D2-AED9-329327843216}
		{66A0FEEF-4114-4909-8E11-EC4F4CD36E9D} = {BC22FF25-209C-43D2-AED9-329327843216}
		{9DB23109-C985-461C-AB70-3C8897A45A6A} = {BC22FF25-209C-43D2-AED9-329327843216}
		{7B285779-C5D6-4871-8323-D8FDBE149BF3} = {BC22FF25-209C-43D2-AED9-329327843216}
		{CA3155D6-517F-46FE-B8F4-732C41DF9B6F} = {BC22FF25-209C-43D2-AED9-329327843216}
		{C966E405-166E-4D5C-A84D-D78B3817781E} = {BC22FF25-209C-43D2-AED9-329327843216}
		{15BB3303-A422-406B-8DBD-A2B205CBB938} = {BC22FF25-209C-43D2-AED9-329327843216}
		{B8EFDB2E-0886-4E19-872E-40D998F1C9FE} = {BC22FF25-209C-43D2-AED9-329327843216}
		{A87EB391-3A79-44AC-966A-F3546680ADF5} = {BC22FF25-209C-43D2-AED9-329327843216}
		{B313FF88-20BC-48AB-BD85-CE7CF95B6C8A} = {BC22FF25-209C-43D2-AED9-329327843216}
		{E54DC856-C89E-4EBD-B291-CD75E36E7342} = {BC22FF25-209C-43D2-AED9-329327843216}
		{CE9DA94C-5D4D-4F05-8498-0BFD2C8468C7} = {BC22FF25-209C-43D2-AED9-329327843216}
		{5549497B-5838-4B52-BA13-208212E73C37} = {BC22FF25-209C-43D2-AED9-329327843216}
		{4B1B2177-4342-47CC-B1D4-B01E81C9521A} = {BC22FF25-209C-43D2-AED9-329327843216}
		{8373E0E0-5F72-4139-A1E0-3D0927AA9959} = {BC22FF25-209C-43D2-AED9-329327843216}
		{A4D874B4-2969-4303-8625-85C34138C64C} = {BC22FF25-209C-43D2-AED9-329327843216}
		{92C0FC29-7D7E-49ED-9CF3-B9D88207AA65} = {BC22FF25-209C-43D2-AED9-329327843216}
		{D5551A40-5FE6-403D-9730-C23587A894C5} = {BC22FF25-209C-43D2-AED9-329327843216}
		{17AC9744-8A61-4369-A1FE-39B256F11672} = {BC22FF25-209C-43D2-AED9-329327843216}
		{D259007F-4F65-44D1-8D7B-BA7F34F5B3A8} = {BC22FF25-209C-43D2-AED9-329327843216}
		{79892CD9-21D3-45E6-9E81-9A0173F2C64C} = {BC22FF25-209C-43D2-AED9-329327843216}
		{E1495BB5-5C0D-4D4E-9503-9EA0F60254C7} = {BC22FF25-209C-43D2-AED9-329327843216}
		{D7A45ACC-FED2-4E3B-B426-A2C432BBC0D9} = {BC22FF25-209C-43D2-AED9-329327843216}
		{1953E93D-6330-4921-8E46-2EBBA9C6FD20} = {BC22FF25-209C-43D2-AED9-329327843216}
		{23B7D8C4-8790-4D05-BBAE-2D2824BB17E9} = {BC22FF25-209C-43D2-AED9-329327843216}
		{ADB922D2-62FE-4F02-A42F-6DBE4BCF4497} = {BC22FF25-209C-43D2-AED9-329327843216}
		{68AAF0FD-83B5-417B-8702-4F30D23B42D3} = {BC22FF25-209C-43D2-AED9-329327843216}
		{DA27E704-BB69-4576-BF15-639EF006DCA1} = {BC22FF25-209C-43D2-AED9-329327843216}
		{F96081F0-BAFE-426F-94D1-C26B92D66709} = {BC22FF25-209C-43D2-AED9-329327843216}
		{C6D3279D-A6EE-43D2-AFBB-3DF1CAC12954} = {BC22FF25-209C-43D2-AED9-329327843216}
		{FD186CD8-5AB0-4278-9661-EEB148C94B05} = {BC22FF25-209C-43D2-AED9-329327843216}
		{7FB18870-EC07-489C-81EA-DE3A44F00B0A} = {BC22FF25-209C-43D2-AED9-329327843216}
		{2E29554F-7531-4215-A6B2-2EB9B014A5B5} = {BC22FF25-209C-43D2-AED9-329327843216}
		{7DDF6BF0-1119-4FAD-9D70-2ACF83561B03} = {BC22FF25-209C-43D2-AED9-329327843216}
		{615B2834-966A-4BFE-AFDF-A91B5D22966B} = {BC22FF25-209C-43D2-AED9-329327843216}
	EndGlobalSection
	GlobalSection(SolutionConfigurationPlatforms) = preSolution
		Debug|Any CPU = Debug|Any CPU
		Release|Any CPU = Release|Any CPU
	EndGlobalSection
	GlobalSection(ProjectConfigurationPlatforms) = postSolution
		{C6E47384-2386-4DEE-B63F-CA4D54A74618}.Debug|Any CPU.ActiveCfg = Debug|Any CPU
		{C6E47384-2386-4DEE-B63F-CA4D54A74618}.Debug|Any CPU.Build.0 = Debug|Any CPU
		{C6E47384-2386-4DEE-B63F-CA4D54A74618}.Release|Any CPU.ActiveCfg = Release|Any CPU
		{C6E47384-2386-4DEE-B63F-CA4D54A74618}.Release|Any CPU.Build.0 = Release|Any CPU
		{75E28BF6-39B2-4F83-9AF8-4B1B7C476162}.Debug|Any CPU.ActiveCfg = Debug|Any CPU
		{75E28BF6-39B2-4F83-9AF8-4B1B7C476162}.Debug|Any CPU.Build.0 = Debug|Any CPU
		{75E28BF6-39B2-4F83-9AF8-4B1B7C476162}.Release|Any CPU.ActiveCfg = Release|Any CPU
		{75E28BF6-39B2-4F83-9AF8-4B1B7C476162}.Release|Any CPU.Build.0 = Release|Any CPU
		{3884B515-21D6-4F1D-95AA-962BAB51FFC1}.Debug|Any CPU.ActiveCfg = Debug|Any CPU
		{3884B515-21D6-4F1D-95AA-962BAB51FFC1}.Debug|Any CPU.Build.0 = Debug|Any CPU
		{3884B515-21D6-4F1D-95AA-962BAB51FFC1}.Release|Any CPU.ActiveCfg = Release|Any CPU
		{3884B515-21D6-4F1D-95AA-962BAB51FFC1}.Release|Any CPU.Build.0 = Release|Any CPU
		{B82BCC5F-1BCE-4852-A84B-9C6B92DA0A0A}.Debug|Any CPU.ActiveCfg = Debug|Any CPU
		{B82BCC5F-1BCE-4852-A84B-9C6B92DA0A0A}.Debug|Any CPU.Build.0 = Debug|Any CPU
		{B82BCC5F-1BCE-4852-A84B-9C6B92DA0A0A}.Release|Any CPU.ActiveCfg = Release|Any CPU
		{B82BCC5F-1BCE-4852-A84B-9C6B92DA0A0A}.Release|Any CPU.Build.0 = Release|Any CPU
		{66A0FEEF-4114-4909-8E11-EC4F4CD36E9D}.Debug|Any CPU.ActiveCfg = Debug|Any CPU
		{66A0FEEF-4114-4909-8E11-EC4F4CD36E9D}.Debug|Any CPU.Build.0 = Debug|Any CPU
		{66A0FEEF-4114-4909-8E11-EC4F4CD36E9D}.Release|Any CPU.ActiveCfg = Release|Any CPU
		{66A0FEEF-4114-4909-8E11-EC4F4CD36E9D}.Release|Any CPU.Build.0 = Release|Any CPU
		{9DB23109-C985-461C-AB70-3C8897A45A6A}.Debug|Any CPU.ActiveCfg = Debug|Any CPU
		{9DB23109-C985-461C-AB70-3C8897A45A6A}.Debug|Any CPU.Build.0 = Debug|Any CPU
		{9DB23109-C985-461C-AB70-3C8897A45A6A}.Release|Any CPU.ActiveCfg = Release|Any CPU
		{9DB23109-C985-461C-AB70-3C8897A45A6A}.Release|Any CPU.Build.0 = Release|Any CPU
		{7B285779-C5D6-4871-8323-D8FDBE149BF3}.Debug|Any CPU.ActiveCfg = Debug|Any CPU
		{7B285779-C5D6-4871-8323-D8FDBE149BF3}.Debug|Any CPU.Build.0 = Debug|Any CPU
		{7B285779-C5D6-4871-8323-D8FDBE149BF3}.Release|Any CPU.ActiveCfg = Release|Any CPU
		{7B285779-C5D6-4871-8323-D8FDBE149BF3}.Release|Any CPU.Build.0 = Release|Any CPU
		{CA3155D6-517F-46FE-B8F4-732C41DF9B6F}.Debug|Any CPU.ActiveCfg = Debug|Any CPU
		{CA3155D6-517F-46FE-B8F4-732C41DF9B6F}.Debug|Any CPU.Build.0 = Debug|Any CPU
		{CA3155D6-517F-46FE-B8F4-732C41DF9B6F}.Release|Any CPU.ActiveCfg = Release|Any CPU
		{CA3155D6-517F-46FE-B8F4-732C41DF9B6F}.Release|Any CPU.Build.0 = Release|Any CPU
		{C966E405-166E-4D5C-A84D-D78B3817781E}.Debug|Any CPU.ActiveCfg = Debug|Any CPU
		{C966E405-166E-4D5C-A84D-D78B3817781E}.Debug|Any CPU.Build.0 = Debug|Any CPU
		{C966E405-166E-4D5C-A84D-D78B3817781E}.Release|Any CPU.ActiveCfg = Release|Any CPU
		{C966E405-166E-4D5C-A84D-D78B3817781E}.Release|Any CPU.Build.0 = Release|Any CPU
		{15BB3303-A422-406B-8DBD-A2B205CBB938}.Debug|Any CPU.ActiveCfg = Debug|Any CPU
		{15BB3303-A422-406B-8DBD-A2B205CBB938}.Debug|Any CPU.Build.0 = Debug|Any CPU
		{15BB3303-A422-406B-8DBD-A2B205CBB938}.Release|Any CPU.ActiveCfg = Release|Any CPU
		{15BB3303-A422-406B-8DBD-A2B205CBB938}.Release|Any CPU.Build.0 = Release|Any CPU
		{B8EFDB2E-0886-4E19-872E-40D998F1C9FE}.Debug|Any CPU.ActiveCfg = Debug|Any CPU
		{B8EFDB2E-0886-4E19-872E-40D998F1C9FE}.Debug|Any CPU.Build.0 = Debug|Any CPU
		{B8EFDB2E-0886-4E19-872E-40D998F1C9FE}.Release|Any CPU.ActiveCfg = Release|Any CPU
		{B8EFDB2E-0886-4E19-872E-40D998F1C9FE}.Release|Any CPU.Build.0 = Release|Any CPU
		{A87EB391-3A79-44AC-966A-F3546680ADF5}.Debug|Any CPU.ActiveCfg = Debug|Any CPU
		{A87EB391-3A79-44AC-966A-F3546680ADF5}.Debug|Any CPU.Build.0 = Debug|Any CPU
		{A87EB391-3A79-44AC-966A-F3546680ADF5}.Release|Any CPU.ActiveCfg = Release|Any CPU
		{A87EB391-3A79-44AC-966A-F3546680ADF5}.Release|Any CPU.Build.0 = Release|Any CPU
		{B313FF88-20BC-48AB-BD85-CE7CF95B6C8A}.Debug|Any CPU.ActiveCfg = Debug|Any CPU
		{B313FF88-20BC-48AB-BD85-CE7CF95B6C8A}.Debug|Any CPU.Build.0 = Debug|Any CPU
		{B313FF88-20BC-48AB-BD85-CE7CF95B6C8A}.Release|Any CPU.ActiveCfg = Release|Any CPU
		{B313FF88-20BC-48AB-BD85-CE7CF95B6C8A}.Release|Any CPU.Build.0 = Release|Any CPU
		{E54DC856-C89E-4EBD-B291-CD75E36E7342}.Debug|Any CPU.ActiveCfg = Debug|Any CPU
		{E54DC856-C89E-4EBD-B291-CD75E36E7342}.Debug|Any CPU.Build.0 = Debug|Any CPU
		{E54DC856-C89E-4EBD-B291-CD75E36E7342}.Release|Any CPU.ActiveCfg = Release|Any CPU
		{E54DC856-C89E-4EBD-B291-CD75E36E7342}.Release|Any CPU.Build.0 = Release|Any CPU
		{CE9DA94C-5D4D-4F05-8498-0BFD2C8468C7}.Debug|Any CPU.ActiveCfg = Debug|Any CPU
		{CE9DA94C-5D4D-4F05-8498-0BFD2C8468C7}.Debug|Any CPU.Build.0 = Debug|Any CPU
		{CE9DA94C-5D4D-4F05-8498-0BFD2C8468C7}.Release|Any CPU.ActiveCfg = Release|Any CPU
		{CE9DA94C-5D4D-4F05-8498-0BFD2C8468C7}.Release|Any CPU.Build.0 = Release|Any CPU
		{5549497B-5838-4B52-BA13-208212E73C37}.Debug|Any CPU.ActiveCfg = Debug|Any CPU
		{5549497B-5838-4B52-BA13-208212E73C37}.Debug|Any CPU.Build.0 = Debug|Any CPU
		{5549497B-5838-4B52-BA13-208212E73C37}.Release|Any CPU.ActiveCfg = Release|Any CPU
		{5549497B-5838-4B52-BA13-208212E73C37}.Release|Any CPU.Build.0 = Release|Any CPU
		{4B1B2177-4342-47CC-B1D4-B01E81C9521A}.Debug|Any CPU.ActiveCfg = Debug|Any CPU
		{4B1B2177-4342-47CC-B1D4-B01E81C9521A}.Debug|Any CPU.Build.0 = Debug|Any CPU
		{4B1B2177-4342-47CC-B1D4-B01E81C9521A}.Release|Any CPU.ActiveCfg = Release|Any CPU
		{4B1B2177-4342-47CC-B1D4-B01E81C9521A}.Release|Any CPU.Build.0 = Release|Any CPU
		{8373E0E0-5F72-4139-A1E0-3D0927AA9959}.Debug|Any CPU.ActiveCfg = Debug|Any CPU
		{8373E0E0-5F72-4139-A1E0-3D0927AA9959}.Debug|Any CPU.Build.0 = Debug|Any CPU
		{8373E0E0-5F72-4139-A1E0-3D0927AA9959}.Release|Any CPU.ActiveCfg = Release|Any CPU
		{8373E0E0-5F72-4139-A1E0-3D0927AA9959}.Release|Any CPU.Build.0 = Release|Any CPU
		{A4D874B4-2969-4303-8625-85C34138C64C}.Debug|Any CPU.ActiveCfg = Debug|Any CPU
		{A4D874B4-2969-4303-8625-85C34138C64C}.Debug|Any CPU.Build.0 = Debug|Any CPU
		{A4D874B4-2969-4303-8625-85C34138C64C}.Release|Any CPU.ActiveCfg = Release|Any CPU
		{A4D874B4-2969-4303-8625-85C34138C64C}.Release|Any CPU.Build.0 = Release|Any CPU
		{92C0FC29-7D7E-49ED-9CF3-B9D88207AA65}.Debug|Any CPU.ActiveCfg = Debug|Any CPU
		{92C0FC29-7D7E-49ED-9CF3-B9D88207AA65}.Debug|Any CPU.Build.0 = Debug|Any CPU
		{92C0FC29-7D7E-49ED-9CF3-B9D88207AA65}.Release|Any CPU.ActiveCfg = Release|Any CPU
		{92C0FC29-7D7E-49ED-9CF3-B9D88207AA65}.Release|Any CPU.Build.0 = Release|Any CPU
		{D5551A40-5FE6-403D-9730-C23587A894C5}.Debug|Any CPU.ActiveCfg = Debug|Any CPU
		{D5551A40-5FE6-403D-9730-C23587A894C5}.Debug|Any CPU.Build.0 = Debug|Any CPU
		{D5551A40-5FE6-403D-9730-C23587A894C5}.Release|Any CPU.ActiveCfg = Release|Any CPU
		{D5551A40-5FE6-403D-9730-C23587A894C5}.Release|Any CPU.Build.0 = Release|Any CPU
		{17AC9744-8A61-4369-A1FE-39B256F11672}.Debug|Any CPU.ActiveCfg = Debug|Any CPU
		{17AC9744-8A61-4369-A1FE-39B256F11672}.Debug|Any CPU.Build.0 = Debug|Any CPU
		{17AC9744-8A61-4369-A1FE-39B256F11672}.Release|Any CPU.ActiveCfg = Release|Any CPU
		{17AC9744-8A61-4369-A1FE-39B256F11672}.Release|Any CPU.Build.0 = Release|Any CPU
		{D259007F-4F65-44D1-8D7B-BA7F34F5B3A8}.Debug|Any CPU.ActiveCfg = Debug|Any CPU
		{D259007F-4F65-44D1-8D7B-BA7F34F5B3A8}.Debug|Any CPU.Build.0 = Debug|Any CPU
		{D259007F-4F65-44D1-8D7B-BA7F34F5B3A8}.Release|Any CPU.ActiveCfg = Release|Any CPU
		{D259007F-4F65-44D1-8D7B-BA7F34F5B3A8}.Release|Any CPU.Build.0 = Release|Any CPU
		{79892CD9-21D3-45E6-9E81-9A0173F2C64C}.Debug|Any CPU.ActiveCfg = Debug|Any CPU
		{79892CD9-21D3-45E6-9E81-9A0173F2C64C}.Debug|Any CPU.Build.0 = Debug|Any CPU
		{79892CD9-21D3-45E6-9E81-9A0173F2C64C}.Release|Any CPU.ActiveCfg = Release|Any CPU
		{79892CD9-21D3-45E6-9E81-9A0173F2C64C}.Release|Any CPU.Build.0 = Release|Any CPU
		{E1495BB5-5C0D-4D4E-9503-9EA0F60254C7}.Debug|Any CPU.ActiveCfg = Debug|Any CPU
		{E1495BB5-5C0D-4D4E-9503-9EA0F60254C7}.Debug|Any CPU.Build.0 = Debug|Any CPU
		{E1495BB5-5C0D-4D4E-9503-9EA0F60254C7}.Release|Any CPU.ActiveCfg = Release|Any CPU
		{E1495BB5-5C0D-4D4E-9503-9EA0F60254C7}.Release|Any CPU.Build.0 = Release|Any CPU
		{D7A45ACC-FED2-4E3B-B426-A2C432BBC0D9}.Debug|Any CPU.ActiveCfg = Debug|Any CPU
		{D7A45ACC-FED2-4E3B-B426-A2C432BBC0D9}.Debug|Any CPU.Build.0 = Debug|Any CPU
		{D7A45ACC-FED2-4E3B-B426-A2C432BBC0D9}.Release|Any CPU.ActiveCfg = Release|Any CPU
		{D7A45ACC-FED2-4E3B-B426-A2C432BBC0D9}.Release|Any CPU.Build.0 = Release|Any CPU
		{1953E93D-6330-4921-8E46-2EBBA9C6FD20}.Debug|Any CPU.ActiveCfg = Debug|Any CPU
		{1953E93D-6330-4921-8E46-2EBBA9C6FD20}.Debug|Any CPU.Build.0 = Debug|Any CPU
		{1953E93D-6330-4921-8E46-2EBBA9C6FD20}.Release|Any CPU.ActiveCfg = Release|Any CPU
		{1953E93D-6330-4921-8E46-2EBBA9C6FD20}.Release|Any CPU.Build.0 = Release|Any CPU
		{23B7D8C4-8790-4D05-BBAE-2D2824BB17E9}.Debug|Any CPU.ActiveCfg = Debug|Any CPU
		{23B7D8C4-8790-4D05-BBAE-2D2824BB17E9}.Debug|Any CPU.Build.0 = Debug|Any CPU
		{23B7D8C4-8790-4D05-BBAE-2D2824BB17E9}.Release|Any CPU.ActiveCfg = Release|Any CPU
		{23B7D8C4-8790-4D05-BBAE-2D2824BB17E9}.Release|Any CPU.Build.0 = Release|Any CPU
		{ADB922D2-62FE-4F02-A42F-6DBE4BCF4497}.Debug|Any CPU.ActiveCfg = Debug|Any CPU
		{ADB922D2-62FE-4F02-A42F-6DBE4BCF4497}.Debug|Any CPU.Build.0 = Debug|Any CPU
		{ADB922D2-62FE-4F02-A42F-6DBE4BCF4497}.Release|Any CPU.ActiveCfg = Release|Any CPU
		{ADB922D2-62FE-4F02-A42F-6DBE4BCF4497}.Release|Any CPU.Build.0 = Release|Any CPU
		{68AAF0FD-83B5-417B-8702-4F30D23B42D3}.Debug|Any CPU.ActiveCfg = Debug|Any CPU
		{68AAF0FD-83B5-417B-8702-4F30D23B42D3}.Debug|Any CPU.Build.0 = Debug|Any CPU
		{68AAF0FD-83B5-417B-8702-4F30D23B42D3}.Release|Any CPU.ActiveCfg = Release|Any CPU
		{68AAF0FD-83B5-417B-8702-4F30D23B42D3}.Release|Any CPU.Build.0 = Release|Any CPU
		{DA27E704-BB69-4576-BF15-639EF006DCA1}.Debug|Any CPU.ActiveCfg = Debug|Any CPU
		{DA27E704-BB69-4576-BF15-639EF006DCA1}.Debug|Any CPU.Build.0 = Debug|Any CPU
		{DA27E704-BB69-4576-BF15-639EF006DCA1}.Release|Any CPU.ActiveCfg = Release|Any CPU
		{DA27E704-BB69-4576-BF15-639EF006DCA1}.Release|Any CPU.Build.0 = Release|Any CPU
		{F96081F0-BAFE-426F-94D1-C26B92D66709}.Debug|Any CPU.ActiveCfg = Debug|Any CPU
		{F96081F0-BAFE-426F-94D1-C26B92D66709}.Debug|Any CPU.Build.0 = Debug|Any CPU
		{F96081F0-BAFE-426F-94D1-C26B92D66709}.Release|Any CPU.ActiveCfg = Release|Any CPU
		{F96081F0-BAFE-426F-94D1-C26B92D66709}.Release|Any CPU.Build.0 = Release|Any CPU
		{C6D3279D-A6EE-43D2-AFBB-3DF1CAC12954}.Debug|Any CPU.ActiveCfg = Debug|Any CPU
		{C6D3279D-A6EE-43D2-AFBB-3DF1CAC12954}.Debug|Any CPU.Build.0 = Debug|Any CPU
		{C6D3279D-A6EE-43D2-AFBB-3DF1CAC12954}.Release|Any CPU.ActiveCfg = Release|Any CPU
		{C6D3279D-A6EE-43D2-AFBB-3DF1CAC12954}.Release|Any CPU.Build.0 = Release|Any CPU
		{FD186CD8-5AB0-4278-9661-EEB148C94B05}.Debug|Any CPU.ActiveCfg = Debug|Any CPU
		{FD186CD8-5AB0-4278-9661-EEB148C94B05}.Debug|Any CPU.Build.0 = Debug|Any CPU
		{FD186CD8-5AB0-4278-9661-EEB148C94B05}.Release|Any CPU.ActiveCfg = Release|Any CPU
		{FD186CD8-5AB0-4278-9661-EEB148C94B05}.Release|Any CPU.Build.0 = Release|Any CPU
		{7FB18870-EC07-489C-81EA-DE3A44F00B0A}.Debug|Any CPU.ActiveCfg = Debug|Any CPU
		{7FB18870-EC07-489C-81EA-DE3A44F00B0A}.Debug|Any CPU.Build.0 = Debug|Any CPU
		{7FB18870-EC07-489C-81EA-DE3A44F00B0A}.Release|Any CPU.ActiveCfg = Release|Any CPU
		{7FB18870-EC07-489C-81EA-DE3A44F00B0A}.Release|Any CPU.Build.0 = Release|Any CPU
		{2E29554F-7531-4215-A6B2-2EB9B014A5B5}.Debug|Any CPU.ActiveCfg = Debug|Any CPU
		{2E29554F-7531-4215-A6B2-2EB9B014A5B5}.Debug|Any CPU.Build.0 = Debug|Any CPU
		{2E29554F-7531-4215-A6B2-2EB9B014A5B5}.Release|Any CPU.ActiveCfg = Release|Any CPU
		{2E29554F-7531-4215-A6B2-2EB9B014A5B5}.Release|Any CPU.Build.0 = Release|Any CPU
		{7DDF6BF0-1119-4FAD-9D70-2ACF83561B03}.Debug|Any CPU.ActiveCfg = Debug|Any CPU
		{7DDF6BF0-1119-4FAD-9D70-2ACF83561B03}.Debug|Any CPU.Build.0 = Debug|Any CPU
		{7DDF6BF0-1119-4FAD-9D70-2ACF83561B03}.Release|Any CPU.ActiveCfg = Release|Any CPU
		{7DDF6BF0-1119-4FAD-9D70-2ACF83561B03}.Release|Any CPU.Build.0 = Release|Any CPU
		{615B2834-966A-4BFE-AFDF-A91B5D22966B}.Debug|Any CPU.ActiveCfg = Debug|Any CPU
		{615B2834-966A-4BFE-AFDF-A91B5D22966B}.Debug|Any CPU.Build.0 = Debug|Any CPU
		{615B2834-966A-4BFE-AFDF-A91B5D22966B}.Release|Any CPU.ActiveCfg = Release|Any CPU
		{615B2834-966A-4BFE-AFDF-A91B5D22966B}.Release|Any CPU.Build.0 = Release|Any CPU
	EndGlobalSection
	GlobalSection(SolutionProperties) = preSolution
		HideSolutionNode = FALSE
	EndGlobalSection
	GlobalSection(ExtensibilityGlobals) = postSolution
		SolutionGuid = {20C8FECD-6A13-4A24-979D-5DA38E1F8583}
	EndGlobalSection
EndGlobal
